
Microsoft Visual Studio Solution File, Format Version 12.00
# Visual Studio Version 17
VisualStudioVersion = 17.1.32210.238
MinimumVisualStudioVersion = 10.0.40219.1
Project("{9A19103F-16F7-4668-BE54-9A1E7A4F7556}") = "Customer.Microservice", "Customer.Microservice\Customer.Microservice.csproj", "{21C4D5AA-00B0-4238-830D-7DA2BEA86986}"
EndProject
Project("{9A19103F-16F7-4668-BE54-9A1E7A4F7556}") = "Product.Microservice", "Product.Microservice\Product.Microservice.csproj", "{186D8502-1F80-4058-944C-E4EDFEC4C2AF}"
EndProject
Project("{FAE04EC0-301F-11D3-BF4B-00C04F79EFBC}") = "Gateway.WebApi", "Gateway.WebApi\Gateway.WebApi.csproj", "{73AC20F1-F2BD-43D8-937B-ED5351DBA48D}"
EndProject
Global
	GlobalSection(SolutionConfigurationPlatforms) = preSolution
		Debug|Any CPU = Debug|Any CPU
		Release|Any CPU = Release|Any CPU
	EndGlobalSection
	GlobalSection(ProjectConfigurationPlatforms) = postSolution
		{21C4D5AA-00B0-4238-830D-7DA2BEA86986}.Debug|Any CPU.ActiveCfg = Debug|Any CPU
		{21C4D5AA-00B0-4238-830D-7DA2BEA86986}.Debug|Any CPU.Build.0 = Debug|Any CPU
		{21C4D5AA-00B0-4238-830D-7DA2BEA86986}.Release|Any CPU.ActiveCfg = Release|Any CPU
		{21C4D5AA-00B0-4238-830D-7DA2BEA86986}.Release|Any CPU.Build.0 = Release|Any CPU
		{186D8502-1F80-4058-944C-E4EDFEC4C2AF}.Debug|Any CPU.ActiveCfg = Debug|Any CPU
		{186D8502-1F80-4058-944C-E4EDFEC4C2AF}.Debug|Any CPU.Build.0 = Debug|Any CPU
		{186D8502-1F80-4058-944C-E4EDFEC4C2AF}.Release|Any CPU.ActiveCfg = Release|Any CPU
		{186D8502-1F80-4058-944C-E4EDFEC4C2AF}.Release|Any CPU.Build.0 = Release|Any CPU
		{73AC20F1-F2BD-43D8-937B-ED5351DBA48D}.Debug|Any CPU.ActiveCfg = Debug|Any CPU
		{73AC20F1-F2BD-43D8-937B-ED5351DBA48D}.Debug|Any CPU.Build.0 = Debug|Any CPU
		{73AC20F1-F2BD-43D8-937B-ED5351DBA48D}.Release|Any CPU.ActiveCfg = Release|Any CPU
		{73AC20F1-F2BD-43D8-937B-ED5351DBA48D}.Release|Any CPU.Build.0 = Release|Any CPU
	EndGlobalSection
	GlobalSection(SolutionProperties) = preSolution
		HideSolutionNode = FALSE
	EndGlobalSection
	GlobalSection(ExtensibilityGlobals) = postSolution
		SolutionGuid = {422DDBD1-1B6D-4458-B49C-F80EA967844C}
	EndGlobalSection
EndGlobal
